{
  "name": "backend",
  "version": "1.0.0",
  "lockfileVersion": 1,
  "requires": true,
  "dependencies": {
    "nodemailer": {
      "version": "4.6.5",
      "resolved": "http://91.227.21.66:8081/repository/npm-group/nodemailer/-/nodemailer-4.6.5.tgz",
      "integrity": "sha512-+bt+BgmnOXDz1uIaWXfXuTESth8UHkhtu7+X8+X2W+CHAn0AuuCyCk854qnathYQLWEC2jkpx7/pkVHcfmLKDw=="
    },
    "querystring": {
      "version": "0.2.0",
      "resolved": "http://91.227.21.66:8081/repository/npm-group/querystring/-/querystring-0.2.0.tgz",
      "integrity": "sha1-sgmEkgO7Jd+CDadW50cAWHhSFiA="
    }
  }
}
