# THIS IS AN AUTOGENERATED FILE. DO NOT EDIT THIS FILE DIRECTLY.
# yarn lockfile v1


nodemailer@^4.6.5:
  version "4.6.5"
  resolved "http://91.227.21.66:8081/repository/npm-group/nodemailer/-/nodemailer-4.6.5.tgz#306ce18c4543f3f06e5f76665d3cb6277f872f53"

querystring@^0.2.0:
  version "0.2.0"
  resolved "http://91.227.21.66:8081/repository/npm-group/querystring/-/querystring-0.2.0.tgz#b209849203bb25df820da756e747005878521620"
